{
  "name": "wots-clone",
  "version": "0.1.0",
  "lockfileVersion": 3,
  "requires": true,
  "packages": {
    "": {
      "name": "wots-clone",
      "version": "0.1.0",
      "dependencies": {
        "wots": "file:../wots"
      },
      "engines": {
        "node": ">=18"
      }
    },
    "../wots": {
      "version": "0.1.0",
      "license": "MIT",
      "devDependencies": {
        "undici": "^6.19.0"
      },
      "engines": {
        "node": ">=18"
      }
    },
    "node_modules/wots": {
      "resolved": "../wots",
      "link": true
    }
  }
}
